
Microsoft Visual Studio Solution File, Format Version 12.00
# Visual Studio Version 16
VisualStudioVersion = 16.0.29613.14
MinimumVisualStudioVersion = 10.0.40219.1
Project("{9A19103F-16F7-4668-BE54-9A1E7A4F7556}") = "CsvImporter", "CsvImporter\CsvImporter.csproj", "{61F46B10-4203-4B33-B6BD-92F592787F81}"
EndProject
Project("{00D1A9C2-B5F0-4AF3-8072-F6C62B433612}") = "DatabaseCsvImporter", "DatabaseCsvImporter\DatabaseCsvImporter.sqlproj", "{BB49C1A0-337E-4E99-9655-6D74710F4182}"
EndProject
Project("{9A19103F-16F7-4668-BE54-9A1E7A4F7556}") = "CsvImporterTest", "CsvImporterTest\CsvImporterTest.csproj", "{296F486A-3F5C-4FAE-8DF5-5CB9CF60683C}"
EndProject
Global
	GlobalSection(SolutionConfigurationPlatforms) = preSolution
		Debug|Any CPU = Debug|Any CPU
		Release|Any CPU = Release|Any CPU
	EndGlobalSection
	GlobalSection(ProjectConfigurationPlatforms) = postSolution
		{61F46B10-4203-4B33-B6BD-92F592787F81}.Debug|Any CPU.ActiveCfg = Debug|Any CPU
		{61F46B10-4203-4B33-B6BD-92F592787F81}.Debug|Any CPU.Build.0 = Debug|Any CPU
		{61F46B10-4203-4B33-B6BD-92F592787F81}.Release|Any CPU.ActiveCfg = Release|Any CPU
		{61F46B10-4203-4B33-B6BD-92F592787F81}.Release|Any CPU.Build.0 = Release|Any CPU
		{BB49C1A0-337E-4E99-9655-6D74710F4182}.Debug|Any CPU.ActiveCfg = Debug|Any CPU
		{BB49C1A0-337E-4E99-9655-6D74710F4182}.Debug|Any CPU.Build.0 = Debug|Any CPU
		{BB49C1A0-337E-4E99-9655-6D74710F4182}.Debug|Any CPU.Deploy.0 = Debug|Any CPU
		{BB49C1A0-337E-4E99-9655-6D74710F4182}.Release|Any CPU.ActiveCfg = Release|Any CPU
		{BB49C1A0-337E-4E99-9655-6D74710F4182}.Release|Any CPU.Build.0 = Release|Any CPU
		{BB49C1A0-337E-4E99-9655-6D74710F4182}.Release|Any CPU.Deploy.0 = Release|Any CPU
		{296F486A-3F5C-4FAE-8DF5-5CB9CF60683C}.Debug|Any CPU.ActiveCfg = Debug|Any CPU
		{296F486A-3F5C-4FAE-8DF5-5CB9CF60683C}.Debug|Any CPU.Build.0 = Debug|Any CPU
		{296F486A-3F5C-4FAE-8DF5-5CB9CF60683C}.Release|Any CPU.ActiveCfg = Release|Any CPU
		{296F486A-3F5C-4FAE-8DF5-5CB9CF60683C}.Release|Any CPU.Build.0 = Release|Any CPU
	EndGlobalSection
	GlobalSection(SolutionProperties) = preSolution
		HideSolutionNode = FALSE
	EndGlobalSection
	GlobalSection(ExtensibilityGlobals) = postSolution
		SolutionGuid = {6FDA4745-F296-4BAC-BFBB-005011E0C292}
	EndGlobalSection
EndGlobal
